
Microsoft Visual Studio Solution File, Format Version 12.00
# Visual Studio 15
VisualStudioVersion = 15.0.26228.10
MinimumVisualStudioVersion = 10.0.40219.1
Project("{FAE04EC0-301F-11D3-BF4B-00C04F79EFBC}") = "SocketClient", "SocketClient\SocketClient.csproj", "{6FBC31FE-81EF-4CCF-B860-212EF917D063}"
EndProject
Project("{FAE04EC0-301F-11D3-BF4B-00C04F79EFBC}") = "SocketServer", "SocketServer\SocketServer.csproj", "{AB55E8F9-97E4-44E1-A238-40A4FF8D6B3E}"
EndProject
Project("{FAE04EC0-301F-11D3-BF4B-00C04F79EFBC}") = "ChessMiddle", "..\ChessMiddle\src\ChessMiddle.csproj", "{29DD1B2B-11C0-440E-A791-6E7FB20D3EB7}"
EndProject
Global
	GlobalSection(SolutionConfigurationPlatforms) = preSolution
		Debug|Any CPU = Debug|Any CPU
		Debug|Mixed Platforms = Debug|Mixed Platforms
		Debug|x86 = Debug|x86
		Release|Any CPU = Release|Any CPU
		Release|Mixed Platforms = Release|Mixed Platforms
		Release|x86 = Release|x86
	EndGlobalSection
	GlobalSection(ProjectConfigurationPlatforms) = postSolution
		{6FBC31FE-81EF-4CCF-B860-212EF917D063}.Debug|Any CPU.ActiveCfg = Debug|x86
		{6FBC31FE-81EF-4CCF-B860-212EF917D063}.Debug|Mixed Platforms.ActiveCfg = Debug|x86
		{6FBC31FE-81EF-4CCF-B860-212EF917D063}.Debug|Mixed Platforms.Build.0 = Debug|x86
		{6FBC31FE-81EF-4CCF-B860-212EF917D063}.Debug|x86.ActiveCfg = Debug|x86
		{6FBC31FE-81EF-4CCF-B860-212EF917D063}.Debug|x86.Build.0 = Debug|x86
		{6FBC31FE-81EF-4CCF-B860-212EF917D063}.Release|Any CPU.ActiveCfg = Release|x86
		{6FBC31FE-81EF-4CCF-B860-212EF917D063}.Release|Mixed Platforms.ActiveCfg = Release|x86
		{6FBC31FE-81EF-4CCF-B860-212EF917D063}.Release|Mixed Platforms.Build.0 = Release|x86
		{6FBC31FE-81EF-4CCF-B860-212EF917D063}.Release|x86.ActiveCfg = Release|x86
		{6FBC31FE-81EF-4CCF-B860-212EF917D063}.Release|x86.Build.0 = Release|x86
		{AB55E8F9-97E4-44E1-A238-40A4FF8D6B3E}.Debug|Any CPU.ActiveCfg = Debug|x86
		{AB55E8F9-97E4-44E1-A238-40A4FF8D6B3E}.Debug|Mixed Platforms.ActiveCfg = Debug|x86
		{AB55E8F9-97E4-44E1-A238-40A4FF8D6B3E}.Debug|Mixed Platforms.Build.0 = Debug|x86
		{AB55E8F9-97E4-44E1-A238-40A4FF8D6B3E}.Debug|x86.ActiveCfg = Debug|x86
		{AB55E8F9-97E4-44E1-A238-40A4FF8D6B3E}.Debug|x86.Build.0 = Debug|x86
		{AB55E8F9-97E4-44E1-A238-40A4FF8D6B3E}.Release|Any CPU.ActiveCfg = Release|x86
		{AB55E8F9-97E4-44E1-A238-40A4FF8D6B3E}.Release|Mixed Platforms.ActiveCfg = Release|x86
		{AB55E8F9-97E4-44E1-A238-40A4FF8D6B3E}.Release|Mixed Platforms.Build.0 = Release|x86
		{AB55E8F9-97E4-44E1-A238-40A4FF8D6B3E}.Release|x86.ActiveCfg = Release|x86
		{AB55E8F9-97E4-44E1-A238-40A4FF8D6B3E}.Release|x86.Build.0 = Release|x86
		{29DD1B2B-11C0-440E-A791-6E7FB20D3EB7}.Debug|Any CPU.ActiveCfg = Debug|Any CPU
		{29DD1B2B-11C0-440E-A791-6E7FB20D3EB7}.Debug|Any CPU.Build.0 = Debug|Any CPU
		{29DD1B2B-11C0-440E-A791-6E7FB20D3EB7}.Debug|Mixed Platforms.ActiveCfg = Debug|Any CPU
		{29DD1B2B-11C0-440E-A791-6E7FB20D3EB7}.Debug|Mixed Platforms.Build.0 = Debug|Any CPU
		{29DD1B2B-11C0-440E-A791-6E7FB20D3EB7}.Debug|x86.ActiveCfg = Debug|Any CPU
		{29DD1B2B-11C0-440E-A791-6E7FB20D3EB7}.Debug|x86.Build.0 = Debug|Any CPU
		{29DD1B2B-11C0-440E-A791-6E7FB20D3EB7}.Release|Any CPU.ActiveCfg = Release|Any CPU
		{29DD1B2B-11C0-440E-A791-6E7FB20D3EB7}.Release|Any CPU.Build.0 = Release|Any CPU
		{29DD1B2B-11C0-440E-A791-6E7FB20D3EB7}.Release|Mixed Platforms.ActiveCfg = Release|Any CPU
		{29DD1B2B-11C0-440E-A791-6E7FB20D3EB7}.Release|Mixed Platforms.Build.0 = Release|Any CPU
		{29DD1B2B-11C0-440E-A791-6E7FB20D3EB7}.Release|x86.ActiveCfg = Release|Any CPU
		{29DD1B2B-11C0-440E-A791-6E7FB20D3EB7}.Release|x86.Build.0 = Release|Any CPU
	EndGlobalSection
	GlobalSection(SolutionProperties) = preSolution
		HideSolutionNode = FALSE
	EndGlobalSection
EndGlobal
